
Microsoft Visual Studio Solution File, Format Version 12.00
# Visual Studio Version 16
VisualStudioVersion = 16.0.30611.23
MinimumVisualStudioVersion = 10.0.40219.1
Project("{FAE04EC0-301F-11D3-BF4B-00C04F79EFBC}") = "MeditekISG.Android", "MeditekISG\MeditekISG.Android\MeditekISG.Android.csproj", "{0C4E44FC-67C3-4AAC-B3B8-362D94D33071}"
EndProject
Project("{FAE04EC0-301F-11D3-BF4B-00C04F79EFBC}") = "MeditekISG.iOS", "MeditekISG\MeditekISG.iOS\MeditekISG.iOS.csproj", "{54BB6B16-EAC6-4022-9C6A-EBB3950B2AEA}"
EndProject
Project("{FAE04EC0-301F-11D3-BF4B-00C04F79EFBC}") = "MeditekISG", "MeditekISG\MeditekISG\MeditekISG.csproj", "{0367CFBC-0E75-491C-90EC-B5809A93CBC4}"
EndProject
Global
	GlobalSection(SolutionConfigurationPlatforms) = preSolution
		Debug|Any CPU = Debug|Any CPU
		Debug|iPhone = Debug|iPhone
		Debug|iPhoneSimulator = Debug|iPhoneSimulator
		Release|Any CPU = Release|Any CPU
		Release|iPhone = Release|iPhone
		Release|iPhoneSimulator = Release|iPhoneSimulator
	EndGlobalSection
	GlobalSection(ProjectConfigurationPlatforms) = postSolution
		{0C4E44FC-67C3-4AAC-B3B8-362D94D33071}.Debug|Any CPU.ActiveCfg = Debug|Any CPU
		{0C4E44FC-67C3-4AAC-B3B8-362D94D33071}.Debug|Any CPU.Build.0 = Debug|Any CPU
		{0C4E44FC-67C3-4AAC-B3B8-362D94D33071}.Debug|Any CPU.Deploy.0 = Debug|Any CPU
		{0C4E44FC-67C3-4AAC-B3B8-362D94D33071}.Debug|iPhone.ActiveCfg = Debug|Any CPU
		{0C4E44FC-67C3-4AAC-B3B8-362D94D33071}.Debug|iPhone.Build.0 = Debug|Any CPU
		{0C4E44FC-67C3-4AAC-B3B8-362D94D33071}.Debug|iPhone.Deploy.0 = Debug|Any CPU
		{0C4E44FC-67C3-4AAC-B3B8-362D94D33071}.Debug|iPhoneSimulator.ActiveCfg = Debug|Any CPU
		{0C4E44FC-67C3-4AAC-B3B8-362D94D33071}.Debug|iPhoneSimulator.Build.0 = Debug|Any CPU
		{0C4E44FC-67C3-4AAC-B3B8-362D94D33071}.Debug|iPhoneSimulator.Deploy.0 = Debug|Any CPU
		{0C4E44FC-67C3-4AAC-B3B8-362D94D33071}.Release|Any CPU.ActiveCfg = Release|Any CPU
		{0C4E44FC-67C3-4AAC-B3B8-362D94D33071}.Release|Any CPU.Build.0 = Release|Any CPU
		{0C4E44FC-67C3-4AAC-B3B8-362D94D33071}.Release|Any CPU.Deploy.0 = Release|Any CPU
		{0C4E44FC-67C3-4AAC-B3B8-362D94D33071}.Release|iPhone.ActiveCfg = Release|Any CPU
		{0C4E44FC-67C3-4AAC-B3B8-362D94D33071}.Release|iPhone.Build.0 = Release|Any CPU
		{0C4E44FC-67C3-4AAC-B3B8-362D94D33071}.Release|iPhone.Deploy.0 = Release|Any CPU
		{0C4E44FC-67C3-4AAC-B3B8-362D94D33071}.Release|iPhoneSimulator.ActiveCfg = Release|Any CPU
		{0C4E44FC-67C3-4AAC-B3B8-362D94D33071}.Release|iPhoneSimulator.Build.0 = Release|Any CPU
		{0C4E44FC-67C3-4AAC-B3B8-362D94D33071}.Release|iPhoneSimulator.Deploy.0 = Release|Any CPU
		{54BB6B16-EAC6-4022-9C6A-EBB3950B2AEA}.Debug|Any CPU.ActiveCfg = Debug|iPhone
		{54BB6B16-EAC6-4022-9C6A-EBB3950B2AEA}.Debug|Any CPU.Build.0 = Debug|iPhone
		{54BB6B16-EAC6-4022-9C6A-EBB3950B2AEA}.Debug|Any CPU.Deploy.0 = Debug|iPhone
		{54BB6B16-EAC6-4022-9C6A-EBB3950B2AEA}.Debug|iPhone.ActiveCfg = Debug|iPhone
		{54BB6B16-EAC6-4022-9C6A-EBB3950B2AEA}.Debug|iPhone.Build.0 = Debug|iPhone
		{54BB6B16-EAC6-4022-9C6A-EBB3950B2AEA}.Debug|iPhone.Deploy.0 = Debug|iPhone
		{54BB6B16-EAC6-4022-9C6A-EBB3950B2AEA}.Debug|iPhoneSimulator.ActiveCfg = Debug|iPhoneSimulator
		{54BB6B16-EAC6-4022-9C6A-EBB3950B2AEA}.Debug|iPhoneSimulator.Build.0 = Debug|iPhoneSimulator
		{54BB6B16-EAC6-4022-9C6A-EBB3950B2AEA}.Debug|iPhoneSimulator.Deploy.0 = Debug|iPhoneSimulator
		{54BB6B16-EAC6-4022-9C6A-EBB3950B2AEA}.Release|Any CPU.ActiveCfg = Release|iPhoneSimulator
		{54BB6B16-EAC6-4022-9C6A-EBB3950B2AEA}.Release|Any CPU.Build.0 = Release|iPhoneSimulator
		{54BB6B16-EAC6-4022-9C6A-EBB3950B2AEA}.Release|Any CPU.Deploy.0 = Release|iPhoneSimulator
		{54BB6B16-EAC6-4022-9C6A-EBB3950B2AEA}.Release|iPhone.ActiveCfg = Release|iPhone
		{54BB6B16-EAC6-4022-9C6A-EBB3950B2AEA}.Release|iPhone.Build.0 = Release|iPhone
		{54BB6B16-EAC6-4022-9C6A-EBB3950B2AEA}.Release|iPhone.Deploy.0 = Release|iPhone
		{54BB6B16-EAC6-4022-9C6A-EBB3950B2AEA}.Release|iPhoneSimulator.ActiveCfg = Release|iPhoneSimulator
		{54BB6B16-EAC6-4022-9C6A-EBB3950B2AEA}.Release|iPhoneSimulator.Build.0 = Release|iPhoneSimulator
		{54BB6B16-EAC6-4022-9C6A-EBB3950B2AEA}.Release|iPhoneSimulator.Deploy.0 = Release|iPhoneSimulator
		{0367CFBC-0E75-491C-90EC-B5809A93CBC4}.Debug|Any CPU.ActiveCfg = Debug|Any CPU
		{0367CFBC-0E75-491C-90EC-B5809A93CBC4}.Debug|Any CPU.Build.0 = Debug|Any CPU
		{0367CFBC-0E75-491C-90EC-B5809A93CBC4}.Debug|Any CPU.Deploy.0 = Debug|Any CPU
		{0367CFBC-0E75-491C-90EC-B5809A93CBC4}.Debug|iPhone.ActiveCfg = Debug|Any CPU
		{0367CFBC-0E75-491C-90EC-B5809A93CBC4}.Debug|iPhone.Build.0 = Debug|Any CPU
		{0367CFBC-0E75-491C-90EC-B5809A93CBC4}.Debug|iPhone.Deploy.0 = Debug|Any CPU
		{0367CFBC-0E75-491C-90EC-B5809A93CBC4}.Debug|iPhoneSimulator.ActiveCfg = Debug|Any CPU
		{0367CFBC-0E75-491C-90EC-B5809A93CBC4}.Debug|iPhoneSimulator.Build.0 = Debug|Any CPU
		{0367CFBC-0E75-491C-90EC-B5809A93CBC4}.Debug|iPhoneSimulator.Deploy.0 = Debug|Any CPU
		{0367CFBC-0E75-491C-90EC-B5809A93CBC4}.Release|Any CPU.ActiveCfg = Release|Any CPU
		{0367CFBC-0E75-491C-90EC-B5809A93CBC4}.Release|Any CPU.Build.0 = Release|Any CPU
		{0367CFBC-0E75-491C-90EC-B5809A93CBC4}.Release|Any CPU.Deploy.0 = Release|Any CPU
		{0367CFBC-0E75-491C-90EC-B5809A93CBC4}.Release|iPhone.ActiveCfg = Release|Any CPU
		{0367CFBC-0E75-491C-90EC-B5809A93CBC4}.Release|iPhone.Build.0 = Release|Any CPU
		{0367CFBC-0E75-491C-90EC-B5809A93CBC4}.Release|iPhone.Deploy.0 = Release|Any CPU
		{0367CFBC-0E75-491C-90EC-B5809A93CBC4}.Release|iPhoneSimulator.ActiveCfg = Release|Any CPU
		{0367CFBC-0E75-491C-90EC-B5809A93CBC4}.Release|iPhoneSimulator.Build.0 = Release|Any CPU
		{0367CFBC-0E75-491C-90EC-B5809A93CBC4}.Release|iPhoneSimulator.Deploy.0 = Release|Any CPU
	EndGlobalSection
	GlobalSection(SolutionProperties) = preSolution
		HideSolutionNode = FALSE
	EndGlobalSection
	GlobalSection(ExtensibilityGlobals) = postSolution
		SolutionGuid = {BFD28F0D-EE20-444A-A7C3-5E90A7CE10B8}
	EndGlobalSection
EndGlobal
